
Microsoft Visual Studio Solution File, Format Version 12.00
# Visual Studio Version 17
VisualStudioVersion = 17.2.32602.215
MinimumVisualStudioVersion = 10.0.40219.1
Project("{9A19103F-16F7-4668-BE54-9A1E7A4F7556}") = "ConsoleApp1", "ConsoleApp1\ConsoleApp1.csproj", "{91E47948-A2F1-45DE-8ED1-575DB35ED54F}"
EndProject
Project("{9A19103F-16F7-4668-BE54-9A1E7A4F7556}") = "Sample.EmployeeSubdomain", "Sample.EmployeeSubdomain\Sample.EmployeeSubdomain.csproj", "{E7FAFA19-AA5F-4B17-9D96-6357B670780C}"
EndProject
Project("{9A19103F-16F7-4668-BE54-9A1E7A4F7556}") = "Sample.Sdk", "Sample.Sdk\Sample.Sdk.csproj", "{6FC5C346-C47B-4B19-9211-01CDA775480E}"
EndProject
Project("{9A19103F-16F7-4668-BE54-9A1E7A4F7556}") = "Sample.Messaging", "Sample.Messaging\Sample.Messaging.csproj", "{1B8ED33C-FDDE-41C0-845B-E77CD38D0C8F}"
EndProject
Project("{9A19103F-16F7-4668-BE54-9A1E7A4F7556}") = "Sample.PayRoll", "Sample.PayRoll\Sample.PayRoll.csproj", "{4F2D2074-81F2-42E4-A153-AD469BEC2CED}"
EndProject
Project("{9A19103F-16F7-4668-BE54-9A1E7A4F7556}") = "Sample.Employee.ServiceHost", "Sample.Employee.ServiceHost\Sample.Employee.ServiceHost.csproj", "{6903FBE8-44FD-4AE2-B7E0-D8BF559638DA}"
EndProject
Project("{9A19103F-16F7-4668-BE54-9A1E7A4F7556}") = "Azure.Core", "..\..\azure-sdk-for-net\sdk\core\Azure.Core\src\Azure.Core.csproj", "{679B8FBD-95E2-409A-85F4-E4CDCC705EB3}"
EndProject
Project("{9A19103F-16F7-4668-BE54-9A1E7A4F7556}") = "Sample.Messaging.ServiceHost", "Sample.Messaging.ServiceHost\Sample.Messaging.ServiceHost.csproj", "{E1CAB6D7-0A8E-465D-B151-C942BF682E10}"
EndProject
Project("{9A19103F-16F7-4668-BE54-9A1E7A4F7556}") = "Sample.PayRoll.ServiceHost", "Sample.PayRoll.ServiceHost\Sample.PayRoll.ServiceHost.csproj", "{F20A592E-456E-4BE9-B1A0-3EE460B7D9CF}"
EndProject
Project("{9A19103F-16F7-4668-BE54-9A1E7A4F7556}") = "Sample.Sdk.AspNetCore", "Sample.Sdk.AspNetCore\Sample.Sdk.AspNetCore.csproj", "{FD28F14B-07B2-4E36-94F6-675D379493AD}"
EndProject
Project("{9A19103F-16F7-4668-BE54-9A1E7A4F7556}") = "SampleSdkRuntime", "SampleSdkRuntime\SampleSdkRuntime.csproj", "{F7228884-9F6F-4D75-A81A-B3E94B0581E2}"
EndProject
Project("{9A19103F-16F7-4668-BE54-9A1E7A4F7556}") = "Sample.Sdk.Tests", "TestProject1\Sample.Sdk.Tests.csproj", "{343FF771-4738-401C-8F23-B79CDB41A686}"
EndProject
Global
	GlobalSection(SolutionConfigurationPlatforms) = preSolution
		Debug|Any CPU = Debug|Any CPU
		Release|Any CPU = Release|Any CPU
	EndGlobalSection
	GlobalSection(ProjectConfigurationPlatforms) = postSolution
		{91E47948-A2F1-45DE-8ED1-575DB35ED54F}.Debug|Any CPU.ActiveCfg = Debug|Any CPU
		{91E47948-A2F1-45DE-8ED1-575DB35ED54F}.Debug|Any CPU.Build.0 = Debug|Any CPU
		{91E47948-A2F1-45DE-8ED1-575DB35ED54F}.Release|Any CPU.ActiveCfg = Release|Any CPU
		{91E47948-A2F1-45DE-8ED1-575DB35ED54F}.Release|Any CPU.Build.0 = Release|Any CPU
		{E7FAFA19-AA5F-4B17-9D96-6357B670780C}.Debug|Any CPU.ActiveCfg = Debug|Any CPU
		{E7FAFA19-AA5F-4B17-9D96-6357B670780C}.Debug|Any CPU.Build.0 = Debug|Any CPU
		{E7FAFA19-AA5F-4B17-9D96-6357B670780C}.Release|Any CPU.ActiveCfg = Release|Any CPU
		{E7FAFA19-AA5F-4B17-9D96-6357B670780C}.Release|Any CPU.Build.0 = Release|Any CPU
		{6FC5C346-C47B-4B19-9211-01CDA775480E}.Debug|Any CPU.ActiveCfg = Debug|Any CPU
		{6FC5C346-C47B-4B19-9211-01CDA775480E}.Debug|Any CPU.Build.0 = Debug|Any CPU
		{6FC5C346-C47B-4B19-9211-01CDA775480E}.Release|Any CPU.ActiveCfg = Release|Any CPU
		{6FC5C346-C47B-4B19-9211-01CDA775480E}.Release|Any CPU.Build.0 = Release|Any CPU
		{1B8ED33C-FDDE-41C0-845B-E77CD38D0C8F}.Debug|Any CPU.ActiveCfg = Debug|Any CPU
		{1B8ED33C-FDDE-41C0-845B-E77CD38D0C8F}.Debug|Any CPU.Build.0 = Debug|Any CPU
		{1B8ED33C-FDDE-41C0-845B-E77CD38D0C8F}.Release|Any CPU.ActiveCfg = Release|Any CPU
		{1B8ED33C-FDDE-41C0-845B-E77CD38D0C8F}.Release|Any CPU.Build.0 = Release|Any CPU
		{4F2D2074-81F2-42E4-A153-AD469BEC2CED}.Debug|Any CPU.ActiveCfg = Debug|Any CPU
		{4F2D2074-81F2-42E4-A153-AD469BEC2CED}.Debug|Any CPU.Build.0 = Debug|Any CPU
		{4F2D2074-81F2-42E4-A153-AD469BEC2CED}.Release|Any CPU.ActiveCfg = Release|Any CPU
		{4F2D2074-81F2-42E4-A153-AD469BEC2CED}.Release|Any CPU.Build.0 = Release|Any CPU
		{6903FBE8-44FD-4AE2-B7E0-D8BF559638DA}.Debug|Any CPU.ActiveCfg = Debug|Any CPU
		{6903FBE8-44FD-4AE2-B7E0-D8BF559638DA}.Debug|Any CPU.Build.0 = Debug|Any CPU
		{6903FBE8-44FD-4AE2-B7E0-D8BF559638DA}.Release|Any CPU.ActiveCfg = Release|Any CPU
		{6903FBE8-44FD-4AE2-B7E0-D8BF559638DA}.Release|Any CPU.Build.0 = Release|Any CPU
		{679B8FBD-95E2-409A-85F4-E4CDCC705EB3}.Debug|Any CPU.ActiveCfg = Debug|Any CPU
		{679B8FBD-95E2-409A-85F4-E4CDCC705EB3}.Debug|Any CPU.Build.0 = Debug|Any CPU
		{679B8FBD-95E2-409A-85F4-E4CDCC705EB3}.Release|Any CPU.ActiveCfg = Release|Any CPU
		{679B8FBD-95E2-409A-85F4-E4CDCC705EB3}.Release|Any CPU.Build.0 = Release|Any CPU
		{E1CAB6D7-0A8E-465D-B151-C942BF682E10}.Debug|Any CPU.ActiveCfg = Debug|Any CPU
		{E1CAB6D7-0A8E-465D-B151-C942BF682E10}.Debug|Any CPU.Build.0 = Debug|Any CPU
		{E1CAB6D7-0A8E-465D-B151-C942BF682E10}.Release|Any CPU.ActiveCfg = Release|Any CPU
		{E1CAB6D7-0A8E-465D-B151-C942BF682E10}.Release|Any CPU.Build.0 = Release|Any CPU
		{F20A592E-456E-4BE9-B1A0-3EE460B7D9CF}.Debug|Any CPU.ActiveCfg = Debug|Any CPU
		{F20A592E-456E-4BE9-B1A0-3EE460B7D9CF}.Debug|Any CPU.Build.0 = Debug|Any CPU
		{F20A592E-456E-4BE9-B1A0-3EE460B7D9CF}.Release|Any CPU.ActiveCfg = Release|Any CPU
		{F20A592E-456E-4BE9-B1A0-3EE460B7D9CF}.Release|Any CPU.Build.0 = Release|Any CPU
		{FD28F14B-07B2-4E36-94F6-675D379493AD}.Debug|Any CPU.ActiveCfg = Debug|Any CPU
		{FD28F14B-07B2-4E36-94F6-675D379493AD}.Debug|Any CPU.Build.0 = Debug|Any CPU
		{FD28F14B-07B2-4E36-94F6-675D379493AD}.Release|Any CPU.ActiveCfg = Release|Any CPU
		{FD28F14B-07B2-4E36-94F6-675D379493AD}.Release|Any CPU.Build.0 = Release|Any CPU
		{F7228884-9F6F-4D75-A81A-B3E94B0581E2}.Debug|Any CPU.ActiveCfg = Debug|Any CPU
		{F7228884-9F6F-4D75-A81A-B3E94B0581E2}.Debug|Any CPU.Build.0 = Debug|Any CPU
		{F7228884-9F6F-4D75-A81A-B3E94B0581E2}.Release|Any CPU.ActiveCfg = Release|Any CPU
		{F7228884-9F6F-4D75-A81A-B3E94B0581E2}.Release|Any CPU.Build.0 = Release|Any CPU
		{343FF771-4738-401C-8F23-B79CDB41A686}.Debug|Any CPU.ActiveCfg = Debug|Any CPU
		{343FF771-4738-401C-8F23-B79CDB41A686}.Debug|Any CPU.Build.0 = Debug|Any CPU
		{343FF771-4738-401C-8F23-B79CDB41A686}.Release|Any CPU.ActiveCfg = Release|Any CPU
		{343FF771-4738-401C-8F23-B79CDB41A686}.Release|Any CPU.Build.0 = Release|Any CPU
	EndGlobalSection
	GlobalSection(SolutionProperties) = preSolution
		HideSolutionNode = FALSE
	EndGlobalSection
	GlobalSection(ExtensibilityGlobals) = postSolution
		SolutionGuid = {28BBB259-CEDF-4B19-A80B-36D4C0E89A5E}
	EndGlobalSection
EndGlobal
